
Microsoft Visual Studio Solution File, Format Version 12.00
# Visual Studio Version 16
VisualStudioVersion = 16.0.29728.190
MinimumVisualStudioVersion = 10.0.40219.1
Project("{9A19103F-16F7-4668-BE54-9A1E7A4F7556}") = "BenchMark", "BenchMark\BenchMark.csproj", "{0122DE14-F1DD-42F6-A24E-7A378C7725DC}"
EndProject
Project("{9A19103F-16F7-4668-BE54-9A1E7A4F7556}") = "Extension", "Extension\Extension.csproj", "{61C4B472-C02B-4B0A-AA17-5A5E58624B1C}"
EndProject
Project("{2150E333-8FDC-42A3-9474-1A3956D46DE8}") = "Drivers", "Drivers", "{CC3E7AC3-0164-4276-BF85-5B8795ED4B41}"
EndProject
Project("{2150E333-8FDC-42A3-9474-1A3956D46DE8}") = "UnitTests", "UnitTests", "{5B142178-17D3-45A5-B518-9C02733F4FA3}"
EndProject
Project("{9A19103F-16F7-4668-BE54-9A1E7A4F7556}") = "Alg", "Alg\Alg.csproj", "{F48B6F23-024A-4E10-8E3F-0EE330F275D1}"
EndProject
Project("{9A19103F-16F7-4668-BE54-9A1E7A4F7556}") = "ADTDriverConsoleApp", "Drivers\ADTDriverConsoleApp\ADTDriverConsoleApp.csproj", "{51AB1625-3DA6-4D55-B1F6-58627D33E254}"
EndProject
Project("{9A19103F-16F7-4668-BE54-9A1E7A4F7556}") = "DriverConsoleApp", "Drivers\DriverConsoleApp\DriverConsoleApp.csproj", "{3A485E48-64EC-4F01-850E-8C3C0AA4CD8D}"
EndProject
Project("{9A19103F-16F7-4668-BE54-9A1E7A4F7556}") = "SearchDriverConsoleApp", "Drivers\SearchDriverConsoleApp\SearchDriverConsoleApp.csproj", "{E3593CAF-4D32-49FD-85D2-4EB65CC20541}"
EndProject
Project("{9A19103F-16F7-4668-BE54-9A1E7A4F7556}") = "T.Sort", "UnitTests\T.Sort\T.Sort.csproj", "{E8CC53CE-375C-43A2-B6A7-A9A79F0AEC3A}"
EndProject
Project("{FAE04EC0-301F-11D3-BF4B-00C04F79EFBC}") = "T.Search", "UnitTests\T.Search\T.Search.csproj", "{5DD034CA-2036-4DB0-8EED-FB51F7CBE356}"
EndProject
Global
	GlobalSection(SolutionConfigurationPlatforms) = preSolution
		Debug|Any CPU = Debug|Any CPU
		Debug|x64 = Debug|x64
		Release|Any CPU = Release|Any CPU
		Release|x64 = Release|x64
	EndGlobalSection
	GlobalSection(ProjectConfigurationPlatforms) = postSolution
		{0122DE14-F1DD-42F6-A24E-7A378C7725DC}.Debug|Any CPU.ActiveCfg = Debug|Any CPU
		{0122DE14-F1DD-42F6-A24E-7A378C7725DC}.Debug|Any CPU.Build.0 = Debug|Any CPU
		{0122DE14-F1DD-42F6-A24E-7A378C7725DC}.Debug|x64.ActiveCfg = Debug|x64
		{0122DE14-F1DD-42F6-A24E-7A378C7725DC}.Debug|x64.Build.0 = Debug|x64
		{0122DE14-F1DD-42F6-A24E-7A378C7725DC}.Release|Any CPU.ActiveCfg = Release|Any CPU
		{0122DE14-F1DD-42F6-A24E-7A378C7725DC}.Release|Any CPU.Build.0 = Release|Any CPU
		{0122DE14-F1DD-42F6-A24E-7A378C7725DC}.Release|x64.ActiveCfg = Release|x64
		{0122DE14-F1DD-42F6-A24E-7A378C7725DC}.Release|x64.Build.0 = Release|x64
		{61C4B472-C02B-4B0A-AA17-5A5E58624B1C}.Debug|Any CPU.ActiveCfg = Debug|Any CPU
		{61C4B472-C02B-4B0A-AA17-5A5E58624B1C}.Debug|Any CPU.Build.0 = Debug|Any CPU
		{61C4B472-C02B-4B0A-AA17-5A5E58624B1C}.Debug|x64.ActiveCfg = Debug|x64
		{61C4B472-C02B-4B0A-AA17-5A5E58624B1C}.Debug|x64.Build.0 = Debug|x64
		{61C4B472-C02B-4B0A-AA17-5A5E58624B1C}.Release|Any CPU.ActiveCfg = Release|Any CPU
		{61C4B472-C02B-4B0A-AA17-5A5E58624B1C}.Release|Any CPU.Build.0 = Release|Any CPU
		{61C4B472-C02B-4B0A-AA17-5A5E58624B1C}.Release|x64.ActiveCfg = Release|x64
		{61C4B472-C02B-4B0A-AA17-5A5E58624B1C}.Release|x64.Build.0 = Release|x64
		{F48B6F23-024A-4E10-8E3F-0EE330F275D1}.Debug|Any CPU.ActiveCfg = Debug|Any CPU
		{F48B6F23-024A-4E10-8E3F-0EE330F275D1}.Debug|Any CPU.Build.0 = Debug|Any CPU
		{F48B6F23-024A-4E10-8E3F-0EE330F275D1}.Debug|x64.ActiveCfg = Debug|x64
		{F48B6F23-024A-4E10-8E3F-0EE330F275D1}.Debug|x64.Build.0 = Debug|x64
		{F48B6F23-024A-4E10-8E3F-0EE330F275D1}.Release|Any CPU.ActiveCfg = Release|Any CPU
		{F48B6F23-024A-4E10-8E3F-0EE330F275D1}.Release|Any CPU.Build.0 = Release|Any CPU
		{F48B6F23-024A-4E10-8E3F-0EE330F275D1}.Release|x64.ActiveCfg = Release|x64
		{F48B6F23-024A-4E10-8E3F-0EE330F275D1}.Release|x64.Build.0 = Release|x64
		{51AB1625-3DA6-4D55-B1F6-58627D33E254}.Debug|Any CPU.ActiveCfg = Debug|Any CPU
		{51AB1625-3DA6-4D55-B1F6-58627D33E254}.Debug|Any CPU.Build.0 = Debug|Any CPU
		{51AB1625-3DA6-4D55-B1F6-58627D33E254}.Debug|x64.ActiveCfg = Debug|x64
		{51AB1625-3DA6-4D55-B1F6-58627D33E254}.Debug|x64.Build.0 = Debug|x64
		{51AB1625-3DA6-4D55-B1F6-58627D33E254}.Release|Any CPU.ActiveCfg = Release|Any CPU
		{51AB1625-3DA6-4D55-B1F6-58627D33E254}.Release|Any CPU.Build.0 = Release|Any CPU
		{51AB1625-3DA6-4D55-B1F6-58627D33E254}.Release|x64.ActiveCfg = Release|x64
		{51AB1625-3DA6-4D55-B1F6-58627D33E254}.Release|x64.Build.0 = Release|x64
		{3A485E48-64EC-4F01-850E-8C3C0AA4CD8D}.Debug|Any CPU.ActiveCfg = Debug|Any CPU
		{3A485E48-64EC-4F01-850E-8C3C0AA4CD8D}.Debug|Any CPU.Build.0 = Debug|Any CPU
		{3A485E48-64EC-4F01-850E-8C3C0AA4CD8D}.Debug|x64.ActiveCfg = Debug|x64
		{3A485E48-64EC-4F01-850E-8C3C0AA4CD8D}.Debug|x64.Build.0 = Debug|x64
		{3A485E48-64EC-4F01-850E-8C3C0AA4CD8D}.Release|Any CPU.ActiveCfg = Release|Any CPU
		{3A485E48-64EC-4F01-850E-8C3C0AA4CD8D}.Release|Any CPU.Build.0 = Release|Any CPU
		{3A485E48-64EC-4F01-850E-8C3C0AA4CD8D}.Release|x64.ActiveCfg = Release|x64
		{3A485E48-64EC-4F01-850E-8C3C0AA4CD8D}.Release|x64.Build.0 = Release|x64
		{E3593CAF-4D32-49FD-85D2-4EB65CC20541}.Debug|Any CPU.ActiveCfg = Debug|Any CPU
		{E3593CAF-4D32-49FD-85D2-4EB65CC20541}.Debug|Any CPU.Build.0 = Debug|Any CPU
		{E3593CAF-4D32-49FD-85D2-4EB65CC20541}.Debug|x64.ActiveCfg = Debug|x64
		{E3593CAF-4D32-49FD-85D2-4EB65CC20541}.Debug|x64.Build.0 = Debug|x64
		{E3593CAF-4D32-49FD-85D2-4EB65CC20541}.Release|Any CPU.ActiveCfg = Release|Any CPU
		{E3593CAF-4D32-49FD-85D2-4EB65CC20541}.Release|Any CPU.Build.0 = Release|Any CPU
		{E3593CAF-4D32-49FD-85D2-4EB65CC20541}.Release|x64.ActiveCfg = Release|x64
		{E3593CAF-4D32-49FD-85D2-4EB65CC20541}.Release|x64.Build.0 = Release|x64
		{E8CC53CE-375C-43A2-B6A7-A9A79F0AEC3A}.Debug|Any CPU.ActiveCfg = Debug|Any CPU
		{E8CC53CE-375C-43A2-B6A7-A9A79F0AEC3A}.Debug|Any CPU.Build.0 = Debug|Any CPU
		{E8CC53CE-375C-43A2-B6A7-A9A79F0AEC3A}.Debug|x64.ActiveCfg = Debug|Any CPU
		{E8CC53CE-375C-43A2-B6A7-A9A79F0AEC3A}.Debug|x64.Build.0 = Debug|Any CPU
		{E8CC53CE-375C-43A2-B6A7-A9A79F0AEC3A}.Release|Any CPU.ActiveCfg = Release|Any CPU
		{E8CC53CE-375C-43A2-B6A7-A9A79F0AEC3A}.Release|Any CPU.Build.0 = Release|Any CPU
		{E8CC53CE-375C-43A2-B6A7-A9A79F0AEC3A}.Release|x64.ActiveCfg = Release|Any CPU
		{E8CC53CE-375C-43A2-B6A7-A9A79F0AEC3A}.Release|x64.Build.0 = Release|Any CPU
		{5DD034CA-2036-4DB0-8EED-FB51F7CBE356}.Debug|Any CPU.ActiveCfg = Debug|Any CPU
		{5DD034CA-2036-4DB0-8EED-FB51F7CBE356}.Debug|Any CPU.Build.0 = Debug|Any CPU
		{5DD034CA-2036-4DB0-8EED-FB51F7CBE356}.Debug|x64.ActiveCfg = Debug|Any CPU
		{5DD034CA-2036-4DB0-8EED-FB51F7CBE356}.Debug|x64.Build.0 = Debug|Any CPU
		{5DD034CA-2036-4DB0-8EED-FB51F7CBE356}.Release|Any CPU.ActiveCfg = Release|Any CPU
		{5DD034CA-2036-4DB0-8EED-FB51F7CBE356}.Release|Any CPU.Build.0 = Release|Any CPU
		{5DD034CA-2036-4DB0-8EED-FB51F7CBE356}.Release|x64.ActiveCfg = Release|Any CPU
		{5DD034CA-2036-4DB0-8EED-FB51F7CBE356}.Release|x64.Build.0 = Release|Any CPU
	EndGlobalSection
	GlobalSection(SolutionProperties) = preSolution
		HideSolutionNode = FALSE
	EndGlobalSection
	GlobalSection(NestedProjects) = preSolution
		{51AB1625-3DA6-4D55-B1F6-58627D33E254} = {CC3E7AC3-0164-4276-BF85-5B8795ED4B41}
		{3A485E48-64EC-4F01-850E-8C3C0AA4CD8D} = {CC3E7AC3-0164-4276-BF85-5B8795ED4B41}
		{E3593CAF-4D32-49FD-85D2-4EB65CC20541} = {CC3E7AC3-0164-4276-BF85-5B8795ED4B41}
		{E8CC53CE-375C-43A2-B6A7-A9A79F0AEC3A} = {5B142178-17D3-45A5-B518-9C02733F4FA3}
		{5DD034CA-2036-4DB0-8EED-FB51F7CBE356} = {5B142178-17D3-45A5-B518-9C02733F4FA3}
	EndGlobalSection
	GlobalSection(ExtensibilityGlobals) = postSolution
		SolutionGuid = {F2255E19-93B4-46FD-8224-3D80D761C220}
	EndGlobalSection
EndGlobal
