
Microsoft Visual Studio Solution File, Format Version 12.00
# Visual Studio Version 16
VisualStudioVersion = 16.0.29728.190
MinimumVisualStudioVersion = 10.0.40219.1
Project("{FAE04EC0-301F-11D3-BF4B-00C04F79EFBC}") = "SubArrayTesting", "SubArrayTesting.csproj", "{55E4C0FC-E6BD-4929-82C9-1C592C383F72}"
EndProject
Global
	GlobalSection(SolutionConfigurationPlatforms) = preSolution
		Debug|Any CPU = Debug|Any CPU
		Release|Any CPU = Release|Any CPU
	EndGlobalSection
	GlobalSection(ProjectConfigurationPlatforms) = postSolution
		{55E4C0FC-E6BD-4929-82C9-1C592C383F72}.Debug|Any CPU.ActiveCfg = Debug|Any CPU
		{55E4C0FC-E6BD-4929-82C9-1C592C383F72}.Debug|Any CPU.Build.0 = Debug|Any CPU
		{55E4C0FC-E6BD-4929-82C9-1C592C383F72}.Release|Any CPU.ActiveCfg = Release|Any CPU
		{55E4C0FC-E6BD-4929-82C9-1C592C383F72}.Release|Any CPU.Build.0 = Release|Any CPU
	EndGlobalSection
	GlobalSection(SolutionProperties) = preSolution
		HideSolutionNode = FALSE
	EndGlobalSection
	GlobalSection(ExtensibilityGlobals) = postSolution
		SolutionGuid = {DD55C05B-6B94-49DE-B867-23E9B60EFFD1}
	EndGlobalSection
EndGlobal
